
Microsoft Visual Studio Solution File, Format Version 12.00
# Visual Studio Version 17
VisualStudioVersion = 17.6.33815.320
MinimumVisualStudioVersion = 10.0.40219.1
Project("{FAE04EC0-301F-11D3-BF4B-00C04F79EFBC}") = "AbilityScoreCalculator", "AbilityScoreCalculator\AbilityScoreCalculator.csproj", "{D4C848E2-5EC4-45D0-BD2A-CB3241F0B680}"
EndProject
Global
	GlobalSection(SolutionConfigurationPlatforms) = preSolution
		Debug|Any CPU = Debug|Any CPU
		Release|Any CPU = Release|Any CPU
	EndGlobalSection
	GlobalSection(ProjectConfigurationPlatforms) = postSolution
		{D4C848E2-5EC4-45D0-BD2A-CB3241F0B680}.Debug|Any CPU.ActiveCfg = Debug|Any CPU
		{D4C848E2-5EC4-45D0-BD2A-CB3241F0B680}.Debug|Any CPU.Build.0 = Debug|Any CPU
		{D4C848E2-5EC4-45D0-BD2A-CB3241F0B680}.Release|Any CPU.ActiveCfg = Release|Any CPU
		{D4C848E2-5EC4-45D0-BD2A-CB3241F0B680}.Release|Any CPU.Build.0 = Release|Any CPU
	EndGlobalSection
	GlobalSection(SolutionProperties) = preSolution
		HideSolutionNode = FALSE
	EndGlobalSection
	GlobalSection(ExtensibilityGlobals) = postSolution
		SolutionGuid = {62DED8D5-BB08-46D8-8DAF-91623034A2C6}
	EndGlobalSection
EndGlobal
